
Microsoft Visual Studio Solution File, Format Version 12.00
# Visual Studio Version 17
VisualStudioVersion = 17.2.32616.157
MinimumVisualStudioVersion = 10.0.40219.1
Project("{FAE04EC0-301F-11D3-BF4B-00C04F79EFBC}") = "OtherBoses", "OtherBoses\OtherBoses.csproj", "{27899D83-1A68-4683-83CF-AD68FD33CC88}"
EndProject
Global
	GlobalSection(SolutionConfigurationPlatforms) = preSolution
		Debug|Any CPU = Debug|Any CPU
		Release|Any CPU = Release|Any CPU
	EndGlobalSection
	GlobalSection(ProjectConfigurationPlatforms) = postSolution
		{27899D83-1A68-4683-83CF-AD68FD33CC88}.Debug|Any CPU.ActiveCfg = Debug|Any CPU
		{27899D83-1A68-4683-83CF-AD68FD33CC88}.Debug|Any CPU.Build.0 = Debug|Any CPU
		{27899D83-1A68-4683-83CF-AD68FD33CC88}.Release|Any CPU.ActiveCfg = Release|Any CPU
		{27899D83-1A68-4683-83CF-AD68FD33CC88}.Release|Any CPU.Build.0 = Release|Any CPU
	EndGlobalSection
	GlobalSection(SolutionProperties) = preSolution
		HideSolutionNode = FALSE
	EndGlobalSection
	GlobalSection(ExtensibilityGlobals) = postSolution
		SolutionGuid = {0F239F9B-F8AE-4966-80BD-8D13B5BE2592}
	EndGlobalSection
EndGlobal
